
Microsoft Visual Studio Solution File, Format Version 12.00
# Visual Studio Version 17
VisualStudioVersion = 17.5.002.0
MinimumVisualStudioVersion = 10.0.40219.1
Project("{9A19103F-16F7-4668-BE54-9A1E7A4F7556}") = "NETBackRest", "NETBackRest.csproj", "{DEA737D8-CEF7-461C-8457-775AF9BF3102}"
EndProject
Global
	GlobalSection(SolutionConfigurationPlatforms) = preSolution
		Debug|Any CPU = Debug|Any CPU
		Release|Any CPU = Release|Any CPU
	EndGlobalSection
	GlobalSection(ProjectConfigurationPlatforms) = postSolution
		{DEA737D8-CEF7-461C-8457-775AF9BF3102}.Debug|Any CPU.ActiveCfg = Debug|Any CPU
		{DEA737D8-CEF7-461C-8457-775AF9BF3102}.Debug|Any CPU.Build.0 = Debug|Any CPU
		{DEA737D8-CEF7-461C-8457-775AF9BF3102}.Release|Any CPU.ActiveCfg = Release|Any CPU
		{DEA737D8-CEF7-461C-8457-775AF9BF3102}.Release|Any CPU.Build.0 = Release|Any CPU
	EndGlobalSection
	GlobalSection(SolutionProperties) = preSolution
		HideSolutionNode = FALSE
	EndGlobalSection
	GlobalSection(ExtensibilityGlobals) = postSolution
		SolutionGuid = {B7F33A41-F112-467A-B574-C1EDB25E5371}
	EndGlobalSection
EndGlobal
